
Microsoft Visual Studio Solution File, Format Version 12.00
# Visual Studio Version 16
VisualStudioVersion = 16.0.33214.272
MinimumVisualStudioVersion = 10.0.40219.1
Project("{FAE04EC0-301F-11D3-BF4B-00C04F79EFBC}") = "ProductServiceApi", "ProductServiceApi\ProductServiceApi.csproj", "{36CBFB62-0AC5-4E79-993D-0305EE72FAA5}"
EndProject
Project("{FAE04EC0-301F-11D3-BF4B-00C04F79EFBC}") = "ProductServiceApi.Model", "ProductServiceApi.Model\ProductServiceApi.Model.csproj", "{2C476173-E535-4A99-8BF8-1D9B731F993D}"
EndProject
Project("{FAE04EC0-301F-11D3-BF4B-00C04F79EFBC}") = "ProductServiceApi.Data", "ProductServiceApi.Data\ProductServiceApi.Data.csproj", "{32D0E4C2-28E2-4833-A40B-B9D824C3674D}"
EndProject
Global
	GlobalSection(SolutionConfigurationPlatforms) = preSolution
		Debug|Any CPU = Debug|Any CPU
		Release|Any CPU = Release|Any CPU
	EndGlobalSection
	GlobalSection(ProjectConfigurationPlatforms) = postSolution
		{36CBFB62-0AC5-4E79-993D-0305EE72FAA5}.Debug|Any CPU.ActiveCfg = Debug|Any CPU
		{36CBFB62-0AC5-4E79-993D-0305EE72FAA5}.Debug|Any CPU.Build.0 = Debug|Any CPU
		{36CBFB62-0AC5-4E79-993D-0305EE72FAA5}.Release|Any CPU.ActiveCfg = Release|Any CPU
		{36CBFB62-0AC5-4E79-993D-0305EE72FAA5}.Release|Any CPU.Build.0 = Release|Any CPU
		{2C476173-E535-4A99-8BF8-1D9B731F993D}.Debug|Any CPU.ActiveCfg = Debug|Any CPU
		{2C476173-E535-4A99-8BF8-1D9B731F993D}.Debug|Any CPU.Build.0 = Debug|Any CPU
		{2C476173-E535-4A99-8BF8-1D9B731F993D}.Release|Any CPU.ActiveCfg = Release|Any CPU
		{2C476173-E535-4A99-8BF8-1D9B731F993D}.Release|Any CPU.Build.0 = Release|Any CPU
		{32D0E4C2-28E2-4833-A40B-B9D824C3674D}.Debug|Any CPU.ActiveCfg = Debug|Any CPU
		{32D0E4C2-28E2-4833-A40B-B9D824C3674D}.Debug|Any CPU.Build.0 = Debug|Any CPU
		{32D0E4C2-28E2-4833-A40B-B9D824C3674D}.Release|Any CPU.ActiveCfg = Release|Any CPU
		{32D0E4C2-28E2-4833-A40B-B9D824C3674D}.Release|Any CPU.Build.0 = Release|Any CPU
	EndGlobalSection
	GlobalSection(SolutionProperties) = preSolution
		HideSolutionNode = FALSE
	EndGlobalSection
	GlobalSection(ExtensibilityGlobals) = postSolution
		SolutionGuid = {18950E4F-78EF-4FAC-B07E-27A7A3DC3206}
	EndGlobalSection
EndGlobal
